
Microsoft Visual Studio Solution File, Format Version 12.00
# Visual Studio Version 17
VisualStudioVersion = 17.5.002.0
MinimumVisualStudioVersion = 10.0.40219.1
Project("{9A19103F-16F7-4668-BE54-9A1E7A4F7556}") = "WelcomeService", "WelcomeService.csproj", "{6E73489F-DE86-4BF4-B585-6B3FC32C4793}"
EndProject
Global
	GlobalSection(SolutionConfigurationPlatforms) = preSolution
		Debug|Any CPU = Debug|Any CPU
		Release|Any CPU = Release|Any CPU
	EndGlobalSection
	GlobalSection(ProjectConfigurationPlatforms) = postSolution
		{6E73489F-DE86-4BF4-B585-6B3FC32C4793}.Debug|Any CPU.ActiveCfg = Debug|Any CPU
		{6E73489F-DE86-4BF4-B585-6B3FC32C4793}.Debug|Any CPU.Build.0 = Debug|Any CPU
		{6E73489F-DE86-4BF4-B585-6B3FC32C4793}.Release|Any CPU.ActiveCfg = Release|Any CPU
		{6E73489F-DE86-4BF4-B585-6B3FC32C4793}.Release|Any CPU.Build.0 = Release|Any CPU
	EndGlobalSection
	GlobalSection(SolutionProperties) = preSolution
		HideSolutionNode = FALSE
	EndGlobalSection
	GlobalSection(ExtensibilityGlobals) = postSolution
		SolutionGuid = {C85ED76E-7CCA-40BB-8CA5-AE273F699DE2}
	EndGlobalSection
EndGlobal
